# This file is generated by running "yarn install" inside your project.
# Manual changes might be lost - proceed with caution!

__metadata:
  version: 4
  cacheKey: 7

"@cloudflare/wrangler@npm:^1.17.0":
  version: 1.17.0
  resolution: "@cloudflare/wrangler@npm:1.17.0"
  dependencies:
    axios: ^0.21.1
    rimraf: ^3.0.2
    tar: ^6.0.2
  bin:
    wrangler: run-wrangler.js
  checksum: 62babc93ff96297f3bd80d8e56d96c1d50ed873f454deaa9ed2d0218a82977c9487b3058d99d52a90e4494ae8da6bff739d1ded5ca333123a501e9b115f6af06
  languageName: node
  linkType: hard

"axios@npm:^0.21.1":
  version: 0.21.1
  resolution: "axios@npm:0.21.1"
  dependencies:
    follow-redirects: ^1.10.0
  checksum: 864fb7b5d077d236737f10adca53bf451a93f35a15271f56fba8da07265a02d26b7d881b935a6697dc6adb0549ea3e56d2eecb403edaa3bb78f6479901c10f69
  languageName: node
  linkType: hard

"balanced-match@npm:^1.0.0":
  version: 1.0.2
  resolution: "balanced-match@npm:1.0.2"
  checksum: 690643f3009a04289ac401079de5a780aae452f7625fb2884051cc847b231e6521ee15dd6430b066d3cf4bd8bb00bb7ff55b7d134f34b8f0b8c043806796f94e
  languageName: node
  linkType: hard

"brace-expansion@npm:^1.1.7":
  version: 1.1.11
  resolution: "brace-expansion@npm:1.1.11"
  dependencies:
    balanced-match: ^1.0.0
    concat-map: 0.0.1
  checksum: 4c878e25e4858baf801945dfd63eb68feab2e502cf1122f25f3915c0e3bf397af3a93ff6bef0798db41c0d81ef28c08e55daac38058710f749a3b96eee6b8f40
  languageName: node
  linkType: hard

"chownr@npm:^2.0.0":
  version: 2.0.0
  resolution: "chownr@npm:2.0.0"
  checksum: b06ba0bf4218bc2214cdb94a7d0200db5c6425f9425795c064dcf5a3801aac8ae87f764727890cd1f48c026559159e7e0e15ed3d1940ce453dec54898d013379
  languageName: node
  linkType: hard

"cloudflare-worker-graphql-ws-template@workspace:.":
  version: 0.0.0-use.local
  resolution: "cloudflare-worker-graphql-ws-template@workspace:."
  dependencies:
    "@cloudflare/wrangler": ^1.17.0
    graphql: ^15.5.1
    graphql-ws: ^5.1.2
    prettier: ^2.3.1
  languageName: unknown
  linkType: soft

"concat-map@npm:0.0.1":
  version: 0.0.1
  resolution: "concat-map@npm:0.0.1"
  checksum: 554e28d9ee5aa6e061795473ee092cb3d3a2cbdb76c35416e0bb6e03f136d7d07676da387b2ed0ec4106cedbb6534080d9abc48ecc4a92b76406cf2d0c3c0c4b
  languageName: node
  linkType: hard

"follow-redirects@npm:^1.10.0":
  version: 1.14.1
  resolution: "follow-redirects@npm:1.14.1"
  peerDependenciesMeta:
    debug:
      optional: true
  checksum: 761a18699688b19d66b3e9199ecaf9cd39ede953f3529299c7fca4190b27b855c17c491170977844d5db5e169ffc35ebae999bb0833e9c9c61988d19c20ae7ab
  languageName: node
  linkType: hard

"fs-minipass@npm:^2.0.0":
  version: 2.1.0
  resolution: "fs-minipass@npm:2.1.0"
  dependencies:
    minipass: ^3.0.0
  checksum: e14a490658621cf1f7d8cbf9e92a9cc4dc7ce050418e4817e877e4531c438223db79f7a1774668087428d665a3de95f87014ce36c8afdc841fea42bcb782abcb
  languageName: node
  linkType: hard

"fs.realpath@npm:^1.0.0":
  version: 1.0.0
  resolution: "fs.realpath@npm:1.0.0"
  checksum: 698a91b1695e3926185c9e5b0dd57cf687dceb4eb73799af91e6b2ab741735e2962c366c5af6403ffddae2619914193bd339efa706fdc984d0ffc74b7a3603f4
  languageName: node
  linkType: hard

"glob@npm:^7.1.3":
  version: 7.1.7
  resolution: "glob@npm:7.1.7"
  dependencies:
    fs.realpath: ^1.0.0
    inflight: ^1.0.4
    inherits: 2
    minimatch: ^3.0.4
    once: ^1.3.0
    path-is-absolute: ^1.0.0
  checksum: 352f74f08247db5420161a2f68f2bd84b53228b5fcfc9dcc37cd54d3f19ec0232495d84aeff1286d0727059e9fdc1031400e00b971bdc59e30f8f82b199c9d02
  languageName: node
  linkType: hard

"graphql-ws@npm:^5.1.2":
  version: 5.1.2
  resolution: "graphql-ws@npm:5.1.2"
  peerDependencies:
    graphql: ">=0.11 <=15"
  checksum: 0120a09cfd30006021a65601a9627bb82e0cc645f19b41855354a8788b7a701b78326257f222b078bb95a97c5ab0cc5cac480f0e5212fb408c70c7f8f6f00d2e
  languageName: node
  linkType: hard

"graphql@npm:^15.5.1":
  version: 15.5.1
  resolution: "graphql@npm:15.5.1"
  checksum: 509cdc2fc072e7cd1b5a25cf3fe13838d41892b035434f02419c209608f89e323f5234ca7e2bde77e9371e629339cbd8435f1dbc8c250910e4e9ac0babfa6c64
  languageName: node
  linkType: hard

"inflight@npm:^1.0.4":
  version: 1.0.6
  resolution: "inflight@npm:1.0.6"
  dependencies:
    once: ^1.3.0
    wrappy: 1
  checksum: 17c53fc42cbe7f7f471d2bc41b97a0cde4b79a74d5ff59997d3f75210566fa278e17596da526d43de2bd07e222706240ce50e60097e54f2cde2e64cbbb372638
  languageName: node
  linkType: hard

"inherits@npm:2":
  version: 2.0.4
  resolution: "inherits@npm:2.0.4"
  checksum: 98426da247ddfc3dcd7d7daedd90c3ca32d5b08deca08949726f12d49232aef94772a07b36cf4ff833e105ae2ef931777f6de4a6dd8245a216b9299ad4a50bea
  languageName: node
  linkType: hard

"minimatch@npm:^3.0.4":
  version: 3.0.4
  resolution: "minimatch@npm:3.0.4"
  dependencies:
    brace-expansion: ^1.1.7
  checksum: 47eab9263962cacd5733e274ecad2d8e54b0f8e124ba35ae69189e296058f634a4967b87a98954f86fa5c830ff177caf827ce0136d28717ed3232951fb4fae62
  languageName: node
  linkType: hard

"minipass@npm:^3.0.0":
  version: 3.1.3
  resolution: "minipass@npm:3.1.3"
  dependencies:
    yallist: ^4.0.0
  checksum: d12b95a845f15950bce7a77730c89400cf0c4f55e7066338da1d201ac148ece4ea8efa79e45a2c07c868c61bcaf9e996c4c3d6bf6b85c038ffa454521fc6ecd5
  languageName: node
  linkType: hard

"minizlib@npm:^2.1.1":
  version: 2.1.2
  resolution: "minizlib@npm:2.1.2"
  dependencies:
    minipass: ^3.0.0
    yallist: ^4.0.0
  checksum: 5a45b57b3467e5a743d87a96d7be57598a6f72eb3b7eeac237074c566bd04278766ae03bb523c32f34581c565a19e74e54ec90c6ce0630a540787c755b4c4b4e
  languageName: node
  linkType: hard

"mkdirp@npm:^1.0.3":
  version: 1.0.4
  resolution: "mkdirp@npm:1.0.4"
  bin:
    mkdirp: bin/cmd.js
  checksum: 1aa3a6a2d7514f094a91329ec09994f5d32d2955a4985ecbb3d86f2aaeafc4aa11521f98d606144c1d49cd9835004d9a73342709b8c692c92e59eacf37412468
  languageName: node
  linkType: hard

"once@npm:^1.3.0":
  version: 1.4.0
  resolution: "once@npm:1.4.0"
  dependencies:
    wrappy: 1
  checksum: 57afc246536cf6494437f982b26475f22bee860f8b77ce8eb1543f42a8bffe04b2c66ddfea9a16cb25ccb80943f8ee4fc639367ef97b7a6a4f2672eb573963f5
  languageName: node
  linkType: hard

"path-is-absolute@npm:^1.0.0":
  version: 1.0.1
  resolution: "path-is-absolute@npm:1.0.1"
  checksum: 907e1e3e6ac0aef6e65adffd75b3892191d76a5b94c5cf26b43667c4240531d11872ca6979c209b2e5e1609f7f579d02f64ba9936b48bb59d36cc529f0d965ed
  languageName: node
  linkType: hard

"prettier@npm:^2.3.1":
  version: 2.3.1
  resolution: "prettier@npm:2.3.1"
  bin:
    prettier: bin-prettier.js
  checksum: 9b4a695b87ce5f510fc20feec01cce7371f0fa0b92ffe79d543f6be52e2004c532861629de4d7ab1c577e1f649dce3cfccd62cb2ca6526b1da8d9c63eb84bf36
  languageName: node
  linkType: hard

"rimraf@npm:^3.0.2":
  version: 3.0.2
  resolution: "rimraf@npm:3.0.2"
  dependencies:
    glob: ^7.1.3
  bin:
    rimraf: bin.js
  checksum: f0de3e445581e64a8a077af476cc30708e659f5779ec2ca2a161556d0792aa318a685923798ae22055b4ecd02b9aff444ef619578f7af53cf8e0e248031e3dee
  languageName: node
  linkType: hard

"tar@npm:^6.0.2":
  version: 6.1.0
  resolution: "tar@npm:6.1.0"
  dependencies:
    chownr: ^2.0.0
    fs-minipass: ^2.0.0
    minipass: ^3.0.0
    minizlib: ^2.1.1
    mkdirp: ^1.0.3
    yallist: ^4.0.0
  checksum: d1d988eceb1ad2ecfaaf6fc5ecfe0c46fa005d04fe4c283355ccc52d3ffb4b6bf459a62f9ac7e36fd35251ab020399bdf527ab48b968120e06b4f61906a87d62
  languageName: node
  linkType: hard

"wrappy@npm:1":
  version: 1.0.2
  resolution: "wrappy@npm:1.0.2"
  checksum: 519fcda0fcdf0c16327be2de9d98646742307bc830277e8868529fcf7566f2b330a6453c233e0cdcb767d5838dd61a90984a02ecc983bcddebea5ad0833bbf98
  languageName: node
  linkType: hard

"yallist@npm:^4.0.0":
  version: 4.0.0
  resolution: "yallist@npm:4.0.0"
  checksum: a2960ef879af6ee67a76cae29bac9d8bffeb6e9e366c217dbd21464e7fce071933705544724f47e90ba5209cf9c83c17d5582dd04415d86747a826b2a231efb8
  languageName: node
  linkType: hard
